
Microsoft Visual Studio Solution File, Format Version 12.00
# Visual Studio Version 17
VisualStudioVersion = 17.7.34031.279
MinimumVisualStudioVersion = 10.0.40219.1
Project("{FAE04EC0-301F-11D3-BF4B-00C04F79EFBC}") = "Calc", "Calc\Calc.csproj", "{6514EEE1-45DD-4D54-A3BD-138FEBEE067F}"
EndProject
Project("{FAE04EC0-301F-11D3-BF4B-00C04F79EFBC}") = "CalcTest", "CalcTest\CalcTest.csproj", "{3652D9C5-671C-428B-82FA-CFA7A9611168}"
EndProject
Global
	GlobalSection(SolutionConfigurationPlatforms) = preSolution
		Debug|Any CPU = Debug|Any CPU
		Release|Any CPU = Release|Any CPU
	EndGlobalSection
	GlobalSection(ProjectConfigurationPlatforms) = postSolution
		{6514EEE1-45DD-4D54-A3BD-138FEBEE067F}.Debug|Any CPU.ActiveCfg = Debug|Any CPU
		{6514EEE1-45DD-4D54-A3BD-138FEBEE067F}.Debug|Any CPU.Build.0 = Debug|Any CPU
		{6514EEE1-45DD-4D54-A3BD-138FEBEE067F}.Release|Any CPU.ActiveCfg = Release|Any CPU
		{6514EEE1-45DD-4D54-A3BD-138FEBEE067F}.Release|Any CPU.Build.0 = Release|Any CPU
		{3652D9C5-671C-428B-82FA-CFA7A9611168}.Debug|Any CPU.ActiveCfg = Debug|Any CPU
		{3652D9C5-671C-428B-82FA-CFA7A9611168}.Debug|Any CPU.Build.0 = Debug|Any CPU
		{3652D9C5-671C-428B-82FA-CFA7A9611168}.Release|Any CPU.ActiveCfg = Release|Any CPU
		{3652D9C5-671C-428B-82FA-CFA7A9611168}.Release|Any CPU.Build.0 = Release|Any CPU
	EndGlobalSection
	GlobalSection(SolutionProperties) = preSolution
		HideSolutionNode = FALSE
	EndGlobalSection
	GlobalSection(ExtensibilityGlobals) = postSolution
		SolutionGuid = {353CED91-84E1-44E1-8414-5ECCE5E6A201}
	EndGlobalSection
EndGlobal
